
Microsoft Visual Studio Solution File, Format Version 12.00
# Visual Studio Version 17
VisualStudioVersion = 17.8.34330.188
MinimumVisualStudioVersion = 10.0.40219.1
Project("{FAE04EC0-301F-11D3-BF4B-00C04F79EFBC}") = "lab-05", "lab-05.csproj", "{E16BC706-5305-4564-8E0F-F870C40D4805}"
EndProject
Global
	GlobalSection(SolutionConfigurationPlatforms) = preSolution
		Debug|Any CPU = Debug|Any CPU
		Release|Any CPU = Release|Any CPU
	EndGlobalSection
	GlobalSection(ProjectConfigurationPlatforms) = postSolution
		{E16BC706-5305-4564-8E0F-F870C40D4805}.Debug|Any CPU.ActiveCfg = Debug|Any CPU
		{E16BC706-5305-4564-8E0F-F870C40D4805}.Debug|Any CPU.Build.0 = Debug|Any CPU
		{E16BC706-5305-4564-8E0F-F870C40D4805}.Release|Any CPU.ActiveCfg = Release|Any CPU
		{E16BC706-5305-4564-8E0F-F870C40D4805}.Release|Any CPU.Build.0 = Release|Any CPU
	EndGlobalSection
	GlobalSection(SolutionProperties) = preSolution
		HideSolutionNode = FALSE
	EndGlobalSection
	GlobalSection(ExtensibilityGlobals) = postSolution
		SolutionGuid = {950B4741-5D2E-4AF0-890F-1F0E87735777}
	EndGlobalSection
EndGlobal
